PODS:
  - Realm (3.10.0):
    - Realm/Headers (= 3.10.0)
  - Realm/Headers (3.10.0)
  - RealmSwift (3.10.0):
    - Realm (= 3.10.0)
  - SwifterSwift (4.5.0):
    - SwifterSwift/AppKit (= 4.5.0)
    - SwifterSwift/CoreGraphics (= 4.5.0)
    - SwifterSwift/CoreLocation (= 4.5.0)
    - SwifterSwift/Foundation (= 4.5.0)
    - SwifterSwift/MapKit (= 4.5.0)
    - SwifterSwift/SpriteKit (= 4.5.0)
    - SwifterSwift/SwiftStdlib (= 4.5.0)
    - SwifterSwift/UIKit (= 4.5.0)
  - SwifterSwift/AppKit (4.5.0)
  - SwifterSwift/CoreGraphics (4.5.0)
  - SwifterSwift/CoreLocation (4.5.0)
  - SwifterSwift/Foundation (4.5.0)
  - SwifterSwift/MapKit (4.5.0)
  - SwifterSwift/SpriteKit (4.5.0)
  - SwifterSwift/SwiftStdlib (4.5.0)
  - SwifterSwift/UIKit (4.5.0)

DEPENDENCIES:
  - RealmSwift
  - SwifterSwift

SPEC REPOS:
  https://github.com/cocoapods/specs.git:
    - Realm
    - RealmSwift
    - SwifterSwift

SPEC CHECKSUMS:
  Realm: 85ab9e4f779d66f6e9ffeb118dc25b7f130c96ac
  RealmSwift: 69121c8b86d0ae005fb779efdb10e606732e1c74
  SwifterSwift: 45339f9100181f0ca1d9b46248e45d0879a48596

PODFILE CHECKSUM: 31ecac209496477cd8c39bbe26d18bf75801baa6

COCOAPODS: 1.5.3
